// !$*UTF8*$!
{
	archiveVersion = 1;
	classes = {
	};
	objectVersion = 46;
	objects = {

/* Begin PBXBuildFile section */
		37CFE1081802B20A001918FB /* iTunesArtwork in Resources */ = {isa = PBXBuildFile; fileRef = 37CFE1061802B20A001918FB /* iTunesArtwork */; };
		37CFE1091802B20A001918FB /* iTunesArtwork@2x in Resources */ = {isa = PBXBuildFile; fileRef = 37CFE1071802B20A001918FB /* iTunesArtwork@2x */; };
		680B918417FD82A600C5DA53 /* Icon-60.png in Resources */ = {isa = PBXBuildFile; fileRef = 680B918017FD82A600C5DA53 /* Icon-60.png */; };
		680B918517FD82A600C5DA53 /* Icon-60@2x.png in Resources */ = {isa = PBXBuildFile; fileRef = 680B918117FD82A600C5DA53 /* Icon-60@2x.png */; };
		680B918617FD82A600C5DA53 /* Icon-76.png in Resources */ = {isa = PBXBuildFile; fileRef = 680B918217FD82A600C5DA53 /* Icon-76.png */; };
		680B918717FD82A600C5DA53 /* Icon-76@2x.png in Resources */ = {isa = PBXBuildFile; fileRef = 680B918317FD82A600C5DA53 /* Icon-76@2x.png */; };
		682075CD17799C8400B17492 /* license in Resources */ = {isa = PBXBuildFile; fileRef = 682075C817799C8400B17492 /* license */; };
		682075CE17799C8400B17492 /* NSString+MD5Addition.m in Sources */ = {isa = PBXBuildFile; fileRef = 682075CA17799C8400B17492 /* NSString+MD5Addition.m */; settings = {COMPILER_FLAGS = "-fno-objc-arc"; }; };
		682075CF17799C8400B17492 /* UIDevice+IdentifierAddition.m in Sources */ = {isa = PBXBuildFile; fileRef = 682075CC17799C8400B17492 /* UIDevice+IdentifierAddition.m */; settings = {COMPILER_FLAGS = "-fno-objc-arc"; }; };
		684979AF165694110011A6B2 /* TiggziURLProtocol.m in Sources */ = {isa = PBXBuildFile; fileRef = 684979AE165694110011A6B2 /* TiggziURLProtocol.m */; settings = {COMPILER_FLAGS = "-fno-objc-arc"; }; };
		6853FF9F15A2FC4300DC4503 /* WebProjectInfo.m in Sources */ = {isa = PBXBuildFile; fileRef = 6853FF9E15A2FC4300DC4503 /* WebProjectInfo.m */; settings = {COMPILER_FLAGS = "-fno-objc-arc"; }; };
		687EA115180E83D1004D6469 /* CDVGlobalization.m in Sources */ = {isa = PBXBuildFile; fileRef = 687EA114180E83D1004D6469 /* CDVGlobalization.m */; };
		6887C80A17E5D2CA00D978D9 /* CDVBarcodeScanner.mm in Sources */ = {isa = PBXBuildFile; fileRef = 6887C7C617E5D2CA00D978D9 /* CDVBarcodeScanner.mm */; settings = {COMPILER_FLAGS = "-fno-objc-arc"; }; };
		6887C80B17E5D2CA00D978D9 /* zxing-all-in-one.cpp in Sources */ = {isa = PBXBuildFile; fileRef = 6887C7C717E5D2CA00D978D9 /* zxing-all-in-one.cpp */; };
		6887C80C17E5D2CA00D978D9 /* CDVSound.m in Sources */ = {isa = PBXBuildFile; fileRef = 6887C7CB17E5D2CA00D978D9 /* CDVSound.m */; };
		6887C80D17E5D2CA00D978D9 /* CDVBattery.m in Sources */ = {isa = PBXBuildFile; fileRef = 6887C7CE17E5D2CA00D978D9 /* CDVBattery.m */; };
		6887C80E17E5D2CA00D978D9 /* CDVCamera.m in Sources */ = {isa = PBXBuildFile; fileRef = 6887C7D117E5D2CA00D978D9 /* CDVCamera.m */; };
		6887C80F17E5D2CA00D978D9 /* CDVJpegHeaderWriter.m in Sources */ = {isa = PBXBuildFile; fileRef = 6887C7D417E5D2CA00D978D9 /* CDVJpegHeaderWriter.m */; };
		6887C81017E5D2CA00D978D9 /* CDVLogger.m in Sources */ = {isa = PBXBuildFile; fileRef = 6887C7D717E5D2CA00D978D9 /* CDVLogger.m */; };
		6887C81117E5D2CA00D978D9 /* CDVContact.m in Sources */ = {isa = PBXBuildFile; fileRef = 6887C7DA17E5D2CA00D978D9 /* CDVContact.m */; };
		6887C81217E5D2CA00D978D9 /* CDVContacts.m in Sources */ = {isa = PBXBuildFile; fileRef = 6887C7DC17E5D2CA00D978D9 /* CDVContacts.m */; };
		6887C81317E5D2CA00D978D9 /* CDVDevice.m in Sources */ = {isa = PBXBuildFile; fileRef = 6887C7DF17E5D2CA00D978D9 /* CDVDevice.m */; };
		6887C81417E5D2CA00D978D9 /* CDVAccelerometer.m in Sources */ = {isa = PBXBuildFile; fileRef = 6887C7E217E5D2CA00D978D9 /* CDVAccelerometer.m */; };
		6887C81517E5D2CA00D978D9 /* CDVCompass.m in Sources */ = {isa = PBXBuildFile; fileRef = 6887C7E517E5D2CA00D978D9 /* CDVCompass.m */; };
		6887C81617E5D2CA00D978D9 /* CDVNotification.m in Sources */ = {isa = PBXBuildFile; fileRef = 6887C7E817E5D2CA00D978D9 /* CDVNotification.m */; };
		6887C81717E5D2CA00D978D9 /* CDVFile.m in Sources */ = {isa = PBXBuildFile; fileRef = 6887C7EB17E5D2CA00D978D9 /* CDVFile.m */; };
		6887C81817E5D2CA00D978D9 /* CDVFileTransfer.m in Sources */ = {isa = PBXBuildFile; fileRef = 6887C7EE17E5D2CA00D978D9 /* CDVFileTransfer.m */; };
		6887C81917E5D2CA00D978D9 /* CDVLocation.m in Sources */ = {isa = PBXBuildFile; fileRef = 6887C7F117E5D2CA00D978D9 /* CDVLocation.m */; };
		6887C81A17E5D2CA00D978D9 /* CDVInAppBrowser.m in Sources */ = {isa = PBXBuildFile; fileRef = 6887C7F417E5D2CA00D978D9 /* CDVInAppBrowser.m */; };
		6887C81B17E5D2CA00D978D9 /* CDVCapture.m in Sources */ = {isa = PBXBuildFile; fileRef = 6887C7F717E5D2CA00D978D9 /* CDVCapture.m */; };
		6887C81C17E5D2CA00D978D9 /* CDVConnection.m in Sources */ = {isa = PBXBuildFile; fileRef = 6887C7FA17E5D2CA00D978D9 /* CDVConnection.m */; };
		6887C81D17E5D2CA00D978D9 /* CDVReachability.m in Sources */ = {isa = PBXBuildFile; fileRef = 6887C7FC17E5D2CA00D978D9 /* CDVReachability.m */; };
		6887C81E17E5D2CA00D978D9 /* CDVSplashScreen.m in Sources */ = {isa = PBXBuildFile; fileRef = 6887C7FF17E5D2CA00D978D9 /* CDVSplashScreen.m */; };
		6887C81F17E5D2CA00D978D9 /* CDVVibration.m in Sources */ = {isa = PBXBuildFile; fileRef = 6887C80217E5D2CA00D978D9 /* CDVVibration.m */; };
		6887C82517E5D2FD00D978D9 /* CDVCapture.bundle in Resources */ = {isa = PBXBuildFile; fileRef = 6887C82217E5D2FD00D978D9 /* CDVCapture.bundle */; };
		6887C82617E5D2FD00D978D9 /* CDVNotification.bundle in Resources */ = {isa = PBXBuildFile; fileRef = 6887C82317E5D2FD00D978D9 /* CDVNotification.bundle */; };
		6887C82717E5D2FD00D978D9 /* scannerOverlay.xib in Resources */ = {isa = PBXBuildFile; fileRef = 6887C82417E5D2FD00D978D9 /* scannerOverlay.xib */; };
		6887C83617E5DB7200D978D9 /* PushNotification.m in Sources */ = {isa = PBXBuildFile; fileRef = 6887C83217E5DB7200D978D9 /* PushNotification.m */; };
		68BE6168164BDABB00732F3A /* Default-568h@2x.png in Resources */ = {isa = PBXBuildFile; fileRef = 68BE6167164BDABB00732F3A /* Default-568h@2x.png */; };
		68CC1EBA177C675700A2ECE6 /* OpenAL.framework in Frameworks */ = {isa = PBXBuildFile; fileRef = 68CC1EB9177C675700A2ECE6 /* OpenAL.framework */; };
		68CC1EBC177C676400A2ECE6 /* ImageIO.framework in Frameworks */ = {isa = PBXBuildFile; fileRef = 68CC1EBB177C676400A2ECE6 /* ImageIO.framework */; };
		6F4121FF15B46A3100DCBBDA /* Icon-72.png in Resources */ = {isa = PBXBuildFile; fileRef = 6F4121FC15B46A3100DCBBDA /* Icon-72.png */; };
		6F41220015B46A3100DCBBDA /* Icon.png in Resources */ = {isa = PBXBuildFile; fileRef = 6F4121FD15B46A3100DCBBDA /* Icon.png */; };
		6F41220115B46A3100DCBBDA /* Icon@2x.png in Resources */ = {isa = PBXBuildFile; fileRef = 6F4121FE15B46A3100DCBBDA /* Icon@2x.png */; };
		6F41220315B46EC300DCBBDA /* Icon-72@2x.png in Resources */ = {isa = PBXBuildFile; fileRef = 6F41220215B46EC300DCBBDA /* Icon-72@2x.png */; };
		6F41223115B5808600DCBBDA /* Default-Landscape@2x~ipad.png in Resources */ = {isa = PBXBuildFile; fileRef = 6F41222B15B5808600DCBBDA /* Default-Landscape@2x~ipad.png */; };
		6F41223215B5808600DCBBDA /* Default-Landscape~ipad.png in Resources */ = {isa = PBXBuildFile; fileRef = 6F41222C15B5808600DCBBDA /* Default-Landscape~ipad.png */; };
		6F41223315B5808600DCBBDA /* Default-Portrait@2x~ipad.png in Resources */ = {isa = PBXBuildFile; fileRef = 6F41222D15B5808600DCBBDA /* Default-Portrait@2x~ipad.png */; };
		6F41223415B5808600DCBBDA /* Default-Portrait~ipad.png in Resources */ = {isa = PBXBuildFile; fileRef = 6F41222E15B5808600DCBBDA /* Default-Portrait~ipad.png */; };
		6F41223515B5808600DCBBDA /* Default.png in Resources */ = {isa = PBXBuildFile; fileRef = 6F41222F15B5808600DCBBDA /* Default.png */; };
		6F41223615B5808600DCBBDA /* Default@2x.png in Resources */ = {isa = PBXBuildFile; fileRef = 6F41223015B5808600DCBBDA /* Default@2x.png */; };
		6F57825C141418E300B65483 /* UIKit.framework in Frameworks */ = {isa = PBXBuildFile; fileRef = 6F57825B141418E300B65483 /* UIKit.framework */; settings = {ATTRIBUTES = (Weak, ); }; };
		6F57825E141418E300B65483 /* Foundation.framework in Frameworks */ = {isa = PBXBuildFile; fileRef = 6F57825D141418E300B65483 /* Foundation.framework */; };
		6F578260141418E300B65483 /* CoreGraphics.framework in Frameworks */ = {isa = PBXBuildFile; fileRef = 6F57825F141418E300B65483 /* CoreGraphics.framework */; };
		6F578266141418E300B65483 /* InfoPlist.strings in Resources */ = {isa = PBXBuildFile; fileRef = 6F578264141418E300B65483 /* InfoPlist.strings */; };
		6F578269141418E300B65483 /* main.m in Sources */ = {isa = PBXBuildFile; fileRef = 6F578268141418E300B65483 /* main.m */; settings = {COMPILER_FLAGS = "-fno-objc-arc"; }; };
		6F57826C141418E300B65483 /* ApplicationDelegate.m in Sources */ = {isa = PBXBuildFile; fileRef = 6F57826B141418E300B65483 /* ApplicationDelegate.m */; settings = {COMPILER_FLAGS = "-fno-objc-arc"; }; };
		6F5782A514141A8900B65483 /* Localizable.strings in Resources */ = {isa = PBXBuildFile; fileRef = 6F57829214141A8900B65483 /* Localizable.strings */; };
		6F5782AD14141AAC00B65483 /* www in Resources */ = {isa = PBXBuildFile; fileRef = 6F5782AC14141AAC00B65483 /* www */; };
		6F5782D814141D7E00B65483 /* AddressBook.framework in Frameworks */ = {isa = PBXBuildFile; fileRef = 6F5782CE14141D7D00B65483 /* AddressBook.framework */; };
		6F5782D914141D7E00B65483 /* AddressBookUI.framework in Frameworks */ = {isa = PBXBuildFile; fileRef = 6F5782CF14141D7D00B65483 /* AddressBookUI.framework */; };
		6F5782DA14141D7E00B65483 /* AudioToolbox.framework in Frameworks */ = {isa = PBXBuildFile; fileRef = 6F5782D014141D7D00B65483 /* AudioToolbox.framework */; };
		6F5782DB14141D7E00B65483 /* AVFoundation.framework in Frameworks */ = {isa = PBXBuildFile; fileRef = 6F5782D114141D7D00B65483 /* AVFoundation.framework */; settings = {ATTRIBUTES = (Weak, ); }; };
		6F5782DC14141D7E00B65483 /* CoreLocation.framework in Frameworks */ = {isa = PBXBuildFile; fileRef = 6F5782D214141D7D00B65483 /* CoreLocation.framework */; };
		6F5782DD14141D7E00B65483 /* CoreMedia.framework in Frameworks */ = {isa = PBXBuildFile; fileRef = 6F5782D314141D7E00B65483 /* CoreMedia.framework */; settings = {ATTRIBUTES = (Weak, ); }; };
		6F5782DE14141D7E00B65483 /* MediaPlayer.framework in Frameworks */ = {isa = PBXBuildFile; fileRef = 6F5782D414141D7E00B65483 /* MediaPlayer.framework */; };
		6F5782DF14141D7E00B65483 /* MobileCoreServices.framework in Frameworks */ = {isa = PBXBuildFile; fileRef = 6F5782D514141D7E00B65483 /* MobileCoreServices.framework */; };
		6F5782E014141D7E00B65483 /* QuartzCore.framework in Frameworks */ = {isa = PBXBuildFile; fileRef = 6F5782D614141D7E00B65483 /* QuartzCore.framework */; };
		6F5782E114141D7E00B65483 /* SystemConfiguration.framework in Frameworks */ = {isa = PBXBuildFile; fileRef = 6F5782D714141D7E00B65483 /* SystemConfiguration.framework */; };
		79868B8F14DBEB4E00DBED82 /* MainViewController.m in Sources */ = {isa = PBXBuildFile; fileRef = 79868B8E14DBEB4E00DBED82 /* MainViewController.m */; settings = {COMPILER_FLAGS = "-fno-objc-arc"; }; };
		79868B9114DBEB5B00DBED82 /* MainViewController.xib in Resources */ = {isa = PBXBuildFile; fileRef = 79868B9014DBEB5B00DBED82 /* MainViewController.xib */; };
		D616277F14FCCE5B00AC4414 /* AssetsLibrary.framework in Frameworks */ = {isa = PBXBuildFile; fileRef = D616277E14FCCE5B00AC4414 /* AssetsLibrary.framework */; };
		D616278114FCCE6D00AC4414 /* CoreVideo.framework in Frameworks */ = {isa = PBXBuildFile; fileRef = D616278014FCCE6D00AC4414 /* CoreVideo.framework */; };
		D616278314FCCE8200AC4414 /* libiconv.dylib in Frameworks */ = {isa = PBXBuildFile; fileRef = D616278214FCCE8200AC4414 /* libiconv.dylib */; };
		D696FE9B1519D27800316E7C /* config.xml in Resources */ = {isa = PBXBuildFile; fileRef = D696FE9A1519D27800316E7C /* config.xml */; };
		D696FE9E1519D30B00316E7C /* libCordova.a in Frameworks */ = {isa = PBXBuildFile; fileRef = D696FE811519D0F100316E7C /* libCordova.a */; };
/* End PBXBuildFile section */

/* Begin PBXContainerItemProxy section */
		D696FE801519D0F100316E7C /* PBXContainerItemProxy */ = {
			isa = PBXContainerItemProxy;
			containerPortal = D696FE791519D0F100316E7C /* CordovaLib.xcodeproj */;
			proxyType = 2;
			remoteGlobalIDString = 68A32D7114102E1C006B237C;
			remoteInfo = CordovaLib;
		};
		D696FE9C1519D2F200316E7C /* PBXContainerItemProxy */ = {
			isa = PBXContainerItemProxy;
			containerPortal = D696FE791519D0F100316E7C /* CordovaLib.xcodeproj */;
			proxyType = 1;
			remoteGlobalIDString = D2AAC07D0554694100DB518D;
			remoteInfo = CordovaLib;
		};
/* End PBXContainerItemProxy section */

/* Begin PBXFileReference section */
		37CFE1061802B20A001918FB /* iTunesArtwork */ = {isa = PBXFileReference; lastKnownFileType = file; path = iTunesArtwork; sourceTree = "<group>"; };
		37CFE1071802B20A001918FB /* iTunesArtwork@2x */ = {isa = PBXFileReference; lastKnownFileType = file; path = "iTunesArtwork@2x"; sourceTree = "<group>"; };
		680B918017FD82A600C5DA53 /* Icon-60.png */ = {isa = PBXFileReference; lastKnownFileType = image.png; path = "Icon-60.png"; sourceTree = "<group>"; };
		680B918117FD82A600C5DA53 /* Icon-60@2x.png */ = {isa = PBXFileReference; lastKnownFileType = image.png; path = "Icon-60@2x.png"; sourceTree = "<group>"; };
		680B918217FD82A600C5DA53 /* Icon-76.png */ = {isa = PBXFileReference; lastKnownFileType = image.png; path = "Icon-76.png"; sourceTree = "<group>"; };
		680B918317FD82A600C5DA53 /* Icon-76@2x.png */ = {isa = PBXFileReference; lastKnownFileType = image.png; path = "Icon-76@2x.png"; sourceTree = "<group>"; };
		682075C817799C8400B17492 /* license */ = {isa = PBXFileReference; fileEncoding = 4; lastKnownFileType = text; path = license; sourceTree = "<group>"; };
		682075C917799C8400B17492 /* NSString+MD5Addition.h */ = {isa = PBXFileReference; fileEncoding = 4; lastKnownFileType = sourcecode.c.h; path = "NSString+MD5Addition.h"; sourceTree = "<group>"; };
		682075CA17799C8400B17492 /* NSString+MD5Addition.m */ = {isa = PBXFileReference; fileEncoding = 4; lastKnownFileType = sourcecode.c.objc; path = "NSString+MD5Addition.m"; sourceTree = "<group>"; };
		682075CB17799C8400B17492 /* UIDevice+IdentifierAddition.h */ = {isa = PBXFileReference; fileEncoding = 4; lastKnownFileType = sourcecode.c.h; path = "UIDevice+IdentifierAddition.h"; sourceTree = "<group>"; };
		682075CC17799C8400B17492 /* UIDevice+IdentifierAddition.m */ = {isa = PBXFileReference; fileEncoding = 4; lastKnownFileType = sourcecode.c.objc; path = "UIDevice+IdentifierAddition.m"; sourceTree = "<group>"; };
		684979AD165694110011A6B2 /* TiggziURLProtocol.h */ = {isa = PBXFileReference; fileEncoding = 4; lastKnownFileType = sourcecode.c.h; path = TiggziURLProtocol.h; sourceTree = "<group>"; };
		684979AE165694110011A6B2 /* TiggziURLProtocol.m */ = {isa = PBXFileReference; fileEncoding = 4; lastKnownFileType = sourcecode.c.objc; path = TiggziURLProtocol.m; sourceTree = "<group>"; };
		6853FF9D15A2FC4300DC4503 /* WebProjectInfo.h */ = {isa = PBXFileReference; fileEncoding = 4; lastKnownFileType = sourcecode.c.h; path = WebProjectInfo.h; sourceTree = "<group>"; };
		6853FF9E15A2FC4300DC4503 /* WebProjectInfo.m */ = {isa = PBXFileReference; fileEncoding = 4; lastKnownFileType = sourcecode.c.objc; path = WebProjectInfo.m; sourceTree = "<group>"; };
		687EA113180E83D1004D6469 /* CDVGlobalization.h */ = {isa = PBXFileReference; fileEncoding = 4; lastKnownFileType = sourcecode.c.h; path = CDVGlobalization.h; sourceTree = "<group>"; };
		687EA114180E83D1004D6469 /* CDVGlobalization.m */ = {isa = PBXFileReference; fileEncoding = 4; lastKnownFileType = sourcecode.c.objc; path = CDVGlobalization.m; sourceTree = "<group>"; };
		6887C7C617E5D2CA00D978D9 /* CDVBarcodeScanner.mm */ = {isa = PBXFileReference; fileEncoding = 4; lastKnownFileType = sourcecode.cpp.objcpp; path = CDVBarcodeScanner.mm; sourceTree = "<group>"; };
		6887C7C717E5D2CA00D978D9 /* zxing-all-in-one.cpp */ = {isa = PBXFileReference; fileEncoding = 4; lastKnownFileType = sourcecode.cpp.cpp; path = "zxing-all-in-one.cpp"; sourceTree = "<group>"; };
		6887C7C817E5D2CA00D978D9 /* zxing-all-in-one.h */ = {isa = PBXFileReference; fileEncoding = 4; lastKnownFileType = sourcecode.c.h; path = "zxing-all-in-one.h"; sourceTree = "<group>"; };
		6887C7CA17E5D2CA00D978D9 /* CDVSound.h */ = {isa = PBXFileReference; fileEncoding = 4; lastKnownFileType = sourcecode.c.h; path = CDVSound.h; sourceTree = "<group>"; };
		6887C7CB17E5D2CA00D978D9 /* CDVSound.m */ = {isa = PBXFileReference; fileEncoding = 4; lastKnownFileType = sourcecode.c.objc; path = CDVSound.m; sourceTree = "<group>"; };
		6887C7CD17E5D2CA00D978D9 /* CDVBattery.h */ = {isa = PBXFileReference; fileEncoding = 4; lastKnownFileType = sourcecode.c.h; path = CDVBattery.h; sourceTree = "<group>"; };
		6887C7CE17E5D2CA00D978D9 /* CDVBattery.m */ = {isa = PBXFileReference; fileEncoding = 4; lastKnownFileType = sourcecode.c.objc; path = CDVBattery.m; sourceTree = "<group>"; };
		6887C7D017E5D2CA00D978D9 /* CDVCamera.h */ = {isa = PBXFileReference; fileEncoding = 4; lastKnownFileType = sourcecode.c.h; path = CDVCamera.h; sourceTree = "<group>"; };
		6887C7D117E5D2CA00D978D9 /* CDVCamera.m */ = {isa = PBXFileReference; fileEncoding = 4; lastKnownFileType = sourcecode.c.objc; path = CDVCamera.m; sourceTree = "<group>"; };
		6887C7D217E5D2CA00D978D9 /* CDVExif.h */ = {isa = PBXFileReference; fileEncoding = 4; lastKnownFileType = sourcecode.c.h; path = CDVExif.h; sourceTree = "<group>"; };
		6887C7D317E5D2CA00D978D9 /* CDVJpegHeaderWriter.h */ = {isa = PBXFileReference; fileEncoding = 4; lastKnownFileType = sourcecode.c.h; path = CDVJpegHeaderWriter.h; sourceTree = "<group>"; };
		6887C7D417E5D2CA00D978D9 /* CDVJpegHeaderWriter.m */ = {isa = PBXFileReference; fileEncoding = 4; lastKnownFileType = sourcecode.c.objc; path = CDVJpegHeaderWriter.m; sourceTree = "<group>"; };
		6887C7D617E5D2CA00D978D9 /* CDVLogger.h */ = {isa = PBXFileReference; fileEncoding = 4; lastKnownFileType = sourcecode.c.h; path = CDVLogger.h; sourceTree = "<group>"; };
		6887C7D717E5D2CA00D978D9 /* CDVLogger.m */ = {isa = PBXFileReference; fileEncoding = 4; lastKnownFileType = sourcecode.c.objc; path = CDVLogger.m; sourceTree = "<group>"; };
		6887C7D917E5D2CA00D978D9 /* CDVContact.h */ = {isa = PBXFileReference; fileEncoding = 4; lastKnownFileType = sourcecode.c.h; path = CDVContact.h; sourceTree = "<group>"; };
		6887C7DA17E5D2CA00D978D9 /* CDVContact.m */ = {isa = PBXFileReference; fileEncoding = 4; lastKnownFileType = sourcecode.c.objc; path = CDVContact.m; sourceTree = "<group>"; };
		6887C7DB17E5D2CA00D978D9 /* CDVContacts.h */ = {isa = PBXFileReference; fileEncoding = 4; lastKnownFileType = sourcecode.c.h; path = CDVContacts.h; sourceTree = "<group>"; };
		6887C7DC17E5D2CA00D978D9 /* CDVContacts.m */ = {isa = PBXFileReference; fileEncoding = 4; lastKnownFileType = sourcecode.c.objc; path = CDVContacts.m; sourceTree = "<group>"; };
		6887C7DE17E5D2CA00D978D9 /* CDVDevice.h */ = {isa = PBXFileReference; fileEncoding = 4; lastKnownFileType = sourcecode.c.h; path = CDVDevice.h; sourceTree = "<group>"; };
		6887C7DF17E5D2CA00D978D9 /* CDVDevice.m */ = {isa = PBXFileReference; fileEncoding = 4; lastKnownFileType = sourcecode.c.objc; path = CDVDevice.m; sourceTree = "<group>"; };
		6887C7E117E5D2CA00D978D9 /* CDVAccelerometer.h */ = {isa = PBXFileReference; fileEncoding = 4; lastKnownFileType = sourcecode.c.h; path = CDVAccelerometer.h; sourceTree = "<group>"; };
		6887C7E217E5D2CA00D978D9 /* CDVAccelerometer.m */ = {isa = PBXFileReference; fileEncoding = 4; lastKnownFileType = sourcecode.c.objc; path = CDVAccelerometer.m; sourceTree = "<group>"; };
		6887C7E417E5D2CA00D978D9 /* CDVCompass.h */ = {isa = PBXFileReference; fileEncoding = 4; lastKnownFileType = sourcecode.c.h; path = CDVCompass.h; sourceTree = "<group>"; };
		6887C7E517E5D2CA00D978D9 /* CDVCompass.m */ = {isa = PBXFileReference; fileEncoding = 4; lastKnownFileType = sourcecode.c.objc; path = CDVCompass.m; sourceTree = "<group>"; };
		6887C7E717E5D2CA00D978D9 /* CDVNotification.h */ = {isa = PBXFileReference; fileEncoding = 4; lastKnownFileType = sourcecode.c.h; path = CDVNotification.h; sourceTree = "<group>"; };
		6887C7E817E5D2CA00D978D9 /* CDVNotification.m */ = {isa = PBXFileReference; fileEncoding = 4; lastKnownFileType = sourcecode.c.objc; path = CDVNotification.m; sourceTree = "<group>"; };
		6887C7EA17E5D2CA00D978D9 /* CDVFile.h */ = {isa = PBXFileReference; fileEncoding = 4; lastKnownFileType = sourcecode.c.h; path = CDVFile.h; sourceTree = "<group>"; };
		6887C7EB17E5D2CA00D978D9 /* CDVFile.m */ = {isa = PBXFileReference; fileEncoding = 4; lastKnownFileType = sourcecode.c.objc; path = CDVFile.m; sourceTree = "<group>"; };
		6887C7ED17E5D2CA00D978D9 /* CDVFileTransfer.h */ = {isa = PBXFileReference; fileEncoding = 4; lastKnownFileType = sourcecode.c.h; path = CDVFileTransfer.h; sourceTree = "<group>"; };
		6887C7EE17E5D2CA00D978D9 /* CDVFileTransfer.m */ = {isa = PBXFileReference; fileEncoding = 4; lastKnownFileType = sourcecode.c.objc; path = CDVFileTransfer.m; sourceTree = "<group>"; };
		6887C7F017E5D2CA00D978D9 /* CDVLocation.h */ = {isa = PBXFileReference; fileEncoding = 4; lastKnownFileType = sourcecode.c.h; path = CDVLocation.h; sourceTree = "<group>"; };
		6887C7F117E5D2CA00D978D9 /* CDVLocation.m */ = {isa = PBXFileReference; fileEncoding = 4; lastKnownFileType = sourcecode.c.objc; path = CDVLocation.m; sourceTree = "<group>"; };
		6887C7F317E5D2CA00D978D9 /* CDVInAppBrowser.h */ = {isa = PBXFileReference; fileEncoding = 4; lastKnownFileType = sourcecode.c.h; path = CDVInAppBrowser.h; sourceTree = "<group>"; };
		6887C7F417E5D2CA00D978D9 /* CDVInAppBrowser.m */ = {isa = PBXFileReference; fileEncoding = 4; lastKnownFileType = sourcecode.c.objc; path = CDVInAppBrowser.m; sourceTree = "<group>"; };
		6887C7F617E5D2CA00D978D9 /* CDVCapture.h */ = {isa = PBXFileReference; fileEncoding = 4; lastKnownFileType = sourcecode.c.h; path = CDVCapture.h; sourceTree = "<group>"; };
		6887C7F717E5D2CA00D978D9 /* CDVCapture.m */ = {isa = PBXFileReference; fileEncoding = 4; lastKnownFileType = sourcecode.c.objc; path = CDVCapture.m; sourceTree = "<group>"; };
		6887C7F917E5D2CA00D978D9 /* CDVConnection.h */ = {isa = PBXFileReference; fileEncoding = 4; lastKnownFileType = sourcecode.c.h; path = CDVConnection.h; sourceTree = "<group>"; };
		6887C7FA17E5D2CA00D978D9 /* CDVConnection.m */ = {isa = PBXFileReference; fileEncoding = 4; lastKnownFileType = sourcecode.c.objc; path = CDVConnection.m; sourceTree = "<group>"; };
		6887C7FB17E5D2CA00D978D9 /* CDVReachability.h */ = {isa = PBXFileReference; fileEncoding = 4; lastKnownFileType = sourcecode.c.h; path = CDVReachability.h; sourceTree = "<group>"; };
		6887C7FC17E5D2CA00D978D9 /* CDVReachability.m */ = {isa = PBXFileReference; fileEncoding = 4; lastKnownFileType = sourcecode.c.objc; path = CDVReachability.m; sourceTree = "<group>"; };
		6887C7FE17E5D2CA00D978D9 /* CDVSplashScreen.h */ = {isa = PBXFileReference; fileEncoding = 4; lastKnownFileType = sourcecode.c.h; path = CDVSplashScreen.h; sourceTree = "<group>"; };
		6887C7FF17E5D2CA00D978D9 /* CDVSplashScreen.m */ = {isa = PBXFileReference; fileEncoding = 4; lastKnownFileType = sourcecode.c.objc; path = CDVSplashScreen.m; sourceTree = "<group>"; };
		6887C80117E5D2CA00D978D9 /* CDVVibration.h */ = {isa = PBXFileReference; fileEncoding = 4; lastKnownFileType = sourcecode.c.h; path = CDVVibration.h; sourceTree = "<group>"; };
		6887C80217E5D2CA00D978D9 /* CDVVibration.m */ = {isa = PBXFileReference; fileEncoding = 4; lastKnownFileType = sourcecode.c.objc; path = CDVVibration.m; sourceTree = "<group>"; };
		6887C82217E5D2FD00D978D9 /* CDVCapture.bundle */ = {isa = PBXFileReference; lastKnownFileType = "wrapper.plug-in"; path = CDVCapture.bundle; sourceTree = "<group>"; };
		6887C82317E5D2FD00D978D9 /* CDVNotification.bundle */ = {isa = PBXFileReference; lastKnownFileType = "wrapper.plug-in"; path = CDVNotification.bundle; sourceTree = "<group>"; };
		6887C82417E5D2FD00D978D9 /* scannerOverlay.xib */ = {isa = PBXFileReference; fileEncoding = 4; lastKnownFileType = file.xib; path = scannerOverlay.xib; sourceTree = "<group>"; };
		6887C83117E5DB7200D978D9 /* PushNotification.h */ = {isa = PBXFileReference; fileEncoding = 4; lastKnownFileType = sourcecode.c.h; path = PushNotification.h; sourceTree = "<group>"; };
		6887C83217E5DB7200D978D9 /* PushNotification.m */ = {isa = PBXFileReference; fileEncoding = 4; lastKnownFileType = sourcecode.c.objc; path = PushNotification.m; sourceTree = "<group>"; };
		68BE6167164BDABB00732F3A /* Default-568h@2x.png */ = {isa = PBXFileReference; lastKnownFileType = image.png; path = "Default-568h@2x.png"; sourceTree = "<group>"; };
		68CC1EB9177C675700A2ECE6 /* OpenAL.framework */ = {isa = PBXFileReference; lastKnownFileType = wrapper.framework; name = OpenAL.framework; path = System/Library/Frameworks/OpenAL.framework; sourceTree = SDKROOT; };
		68CC1EBB177C676400A2ECE6 /* ImageIO.framework */ = {isa = PBXFileReference; lastKnownFileType = wrapper.framework; name = ImageIO.framework; path = System/Library/Frameworks/ImageIO.framework; sourceTree = SDKROOT; };
		6F4121FC15B46A3100DCBBDA /* Icon-72.png */ = {isa = PBXFileReference; lastKnownFileType = image.png; path = "Icon-72.png"; sourceTree = "<group>"; };
		6F4121FD15B46A3100DCBBDA /* Icon.png */ = {isa = PBXFileReference; lastKnownFileType = image.png; path = Icon.png; sourceTree = "<group>"; };
		6F4121FE15B46A3100DCBBDA /* Icon@2x.png */ = {isa = PBXFileReference; lastKnownFileType = image.png; path = "Icon@2x.png"; sourceTree = "<group>"; };
		6F41220215B46EC300DCBBDA /* Icon-72@2x.png */ = {isa = PBXFileReference; lastKnownFileType = image.png; path = "Icon-72@2x.png"; sourceTree = "<group>"; };
		6F41222B15B5808600DCBBDA /* Default-Landscape@2x~ipad.png */ = {isa = PBXFileReference; lastKnownFileType = image.png; path = "Default-Landscape@2x~ipad.png"; sourceTree = "<group>"; };
		6F41222C15B5808600DCBBDA /* Default-Landscape~ipad.png */ = {isa = PBXFileReference; lastKnownFileType = image.png; path = "Default-Landscape~ipad.png"; sourceTree = "<group>"; };
		6F41222D15B5808600DCBBDA /* Default-Portrait@2x~ipad.png */ = {isa = PBXFileReference; lastKnownFileType = image.png; path = "Default-Portrait@2x~ipad.png"; sourceTree = "<group>"; };
		6F41222E15B5808600DCBBDA /* Default-Portrait~ipad.png */ = {isa = PBXFileReference; lastKnownFileType = image.png; path = "Default-Portrait~ipad.png"; sourceTree = "<group>"; };
		6F41222F15B5808600DCBBDA /* Default.png */ = {isa = PBXFileReference; lastKnownFileType = image.png; path = Default.png; sourceTree = "<group>"; };
		6F41223015B5808600DCBBDA /* Default@2x.png */ = {isa = PBXFileReference; lastKnownFileType = image.png; path = "Default@2x.png"; sourceTree = "<group>"; };
		6F578257141418E300B65483 /* "howl.app" */ = {isa = PBXFileReference; explicitFileType = wrapper.application; includeInIndex = 0; path = "howl.app"; sourceTree = BUILT_PRODUCTS_DIR; };
		6F57825B141418E300B65483 /* UIKit.framework */ = {isa = PBXFileReference; lastKnownFileType = wrapper.framework; name = UIKit.framework; path = System/Library/Frameworks/UIKit.framework; sourceTree = SDKROOT; };
		6F57825D141418E300B65483 /* Foundation.framework */ = {isa = PBXFileReference; lastKnownFileType = wrapper.framework; name = Foundation.framework; path = System/Library/Frameworks/Foundation.framework; sourceTree = SDKROOT; };
		6F57825F141418E300B65483 /* CoreGraphics.framework */ = {isa = PBXFileReference; lastKnownFileType = wrapper.framework; name = CoreGraphics.framework; path = System/Library/Frameworks/CoreGraphics.framework; sourceTree = SDKROOT; };
		6F578263141418E300B65483 /* howl-Info.plist */ = {isa = PBXFileReference; lastKnownFileType = text.plist.xml; path = "howl-Info.plist"; sourceTree = "<group>"; };
		6F578265141418E300B65483 /* en */ = {isa = PBXFileReference; lastKnownFileType = text.plist.strings; name = en; path = en.lproj/InfoPlist.strings; sourceTree = "<group>"; };
		6F578267141418E300B65483 /* howl-Prefix.pch */ = {isa = PBXFileReference; lastKnownFileType = sourcecode.c.h; path = "howl-Prefix.pch"; sourceTree = "<group>"; };
		6F578268141418E300B65483 /* main.m */ = {isa = PBXFileReference; lastKnownFileType = sourcecode.c.objc; path = main.m; sourceTree = "<group>"; };
		6F57826A141418E300B65483 /* ApplicationDelegate.h */ = {isa = PBXFileReference; lastKnownFileType = sourcecode.c.h; path = ApplicationDelegate.h; sourceTree = "<group>"; };
		6F57826B141418E300B65483 /* ApplicationDelegate.m */ = {isa = PBXFileReference; lastKnownFileType = sourcecode.c.objc; path = ApplicationDelegate.m; sourceTree = "<group>"; };
		6F57829314141A8900B65483 /* en */ = {isa = PBXFileReference; lastKnownFileType = text.plist.strings; name = en; path = en.lproj/Localizable.strings; sourceTree = "<group>"; };
		6F57829414141A8900B65483 /* es */ = {isa = PBXFileReference; lastKnownFileType = text.plist.strings; name = es; path = es.lproj/Localizable.strings; sourceTree = "<group>"; };
		6F5782AC14141AAC00B65483 /* www */ = {isa = PBXFileReference; lastKnownFileType = folder; path = www; sourceTree = "<group>"; };
		6F5782CC14141D3F00B65483 /* libPhoneGap.a */ = {isa = PBXFileReference; explicitFileType = archive.ar; path = libPhoneGap.a; sourceTree = SOURCE_ROOT; };
		6F5782CE14141D7D00B65483 /* AddressBook.framework */ = {isa = PBXFileReference; lastKnownFileType = wrapper.framework; name = AddressBook.framework; path = System/Library/Frameworks/AddressBook.framework; sourceTree = SDKROOT; };
		6F5782CF14141D7D00B65483 /* AddressBookUI.framework */ = {isa = PBXFileReference; lastKnownFileType = wrapper.framework; name = AddressBookUI.framework; path = System/Library/Frameworks/AddressBookUI.framework; sourceTree = SDKROOT; };
		6F5782D014141D7D00B65483 /* AudioToolbox.framework */ = {isa = PBXFileReference; lastKnownFileType = wrapper.framework; name = AudioToolbox.framework; path = System/Library/Frameworks/AudioToolbox.framework; sourceTree = SDKROOT; };
		6F5782D114141D7D00B65483 /* AVFoundation.framework */ = {isa = PBXFileReference; lastKnownFileType = wrapper.framework; name = AVFoundation.framework; path = System/Library/Frameworks/AVFoundation.framework; sourceTree = SDKROOT; };
		6F5782D214141D7D00B65483 /* CoreLocation.framework */ = {isa = PBXFileReference; lastKnownFileType = wrapper.framework; name = CoreLocation.framework; path = System/Library/Frameworks/CoreLocation.framework; sourceTree = SDKROOT; };
		6F5782D314141D7E00B65483 /* CoreMedia.framework */ = {isa = PBXFileReference; lastKnownFileType = wrapper.framework; name = CoreMedia.framework; path = System/Library/Frameworks/CoreMedia.framework; sourceTree = SDKROOT; };
		6F5782D414141D7E00B65483 /* MediaPlayer.framework */ = {isa = PBXFileReference; lastKnownFileType = wrapper.framework; name = MediaPlayer.framework; path = System/Library/Frameworks/MediaPlayer.framework; sourceTree = SDKROOT; };
		6F5782D514141D7E00B65483 /* MobileCoreServices.framework */ = {isa = PBXFileReference; lastKnownFileType = wrapper.framework; name = MobileCoreServices.framework; path = System/Library/Frameworks/MobileCoreServices.framework; sourceTree = SDKROOT; };
		6F5782D614141D7E00B65483 /* QuartzCore.framework */ = {isa = PBXFileReference; lastKnownFileType = wrapper.framework; name = QuartzCore.framework; path = System/Library/Frameworks/QuartzCore.framework; sourceTree = SDKROOT; };
		6F5782D714141D7E00B65483 /* SystemConfiguration.framework */ = {isa = PBXFileReference; lastKnownFileType = wrapper.framework; name = SystemConfiguration.framework; path = System/Library/Frameworks/SystemConfiguration.framework; sourceTree = SDKROOT; };
		79868B8D14DBEB4E00DBED82 /* MainViewController.h */ = {isa = PBXFileReference; fileEncoding = 4; lastKnownFileType = sourcecode.c.h; path = MainViewController.h; sourceTree = "<group>"; };
		79868B8E14DBEB4E00DBED82 /* MainViewController.m */ = {isa = PBXFileReference; fileEncoding = 4; lastKnownFileType = sourcecode.c.objc; path = MainViewController.m; sourceTree = "<group>"; };
		79868B9014DBEB5B00DBED82 /* MainViewController.xib */ = {isa = PBXFileReference; fileEncoding = 4; lastKnownFileType = file.xib; path = MainViewController.xib; sourceTree = "<group>"; };
		D616277E14FCCE5B00AC4414 /* AssetsLibrary.framework */ = {isa = PBXFileReference; lastKnownFileType = wrapper.framework; name = AssetsLibrary.framework; path = System/Library/Frameworks/AssetsLibrary.framework; sourceTree = SDKROOT; };
		D616278014FCCE6D00AC4414 /* CoreVideo.framework */ = {isa = PBXFileReference; lastKnownFileType = wrapper.framework; name = CoreVideo.framework; path = System/Library/Frameworks/CoreVideo.framework; sourceTree = SDKROOT; };
		D616278214FCCE8200AC4414 /* libiconv.dylib */ = {isa = PBXFileReference; lastKnownFileType = "compiled.mach-o.dylib"; name = libiconv.dylib; path = usr/lib/libiconv.dylib; sourceTree = SDKROOT; };
		D696FE791519D0F100316E7C /* CordovaLib.xcodeproj */ = {isa = PBXFileReference; lastKnownFileType = "wrapper.pb-project"; name = CordovaLib.xcodeproj; path = howl/CordovaLib/CordovaLib.xcodeproj; sourceTree = "<group>"; };
		D696FE9A1519D27800316E7C /* config.xml */ = {isa = PBXFileReference; fileEncoding = 4; lastKnownFileType = text.xml; name = config.xml; path = howl/config.xml; sourceTree = SOURCE_ROOT; };
/* End PBXFileReference section */

/* Begin PBXFrameworksBuildPhase section */
		6F578254141418E300B65483 /* Frameworks */ = {
			isa = PBXFrameworksBuildPhase;
			buildActionMask = 2147483647;
			files = (
				D696FE9E1519D30B00316E7C /* libCordova.a in Frameworks */,
				D616278314FCCE8200AC4414 /* libiconv.dylib in Frameworks */,
				D616278114FCCE6D00AC4414 /* CoreVideo.framework in Frameworks */,
				D616277F14FCCE5B00AC4414 /* AssetsLibrary.framework in Frameworks */,
				6F5782D814141D7E00B65483 /* AddressBook.framework in Frameworks */,
				6F5782D914141D7E00B65483 /* AddressBookUI.framework in Frameworks */,
				6F5782DA14141D7E00B65483 /* AudioToolbox.framework in Frameworks */,
				6F5782DB14141D7E00B65483 /* AVFoundation.framework in Frameworks */,
				6F5782DC14141D7E00B65483 /* CoreLocation.framework in Frameworks */,
				6F5782DD14141D7E00B65483 /* CoreMedia.framework in Frameworks */,
				6F5782DE14141D7E00B65483 /* MediaPlayer.framework in Frameworks */,
				6F5782DF14141D7E00B65483 /* MobileCoreServices.framework in Frameworks */,
				6F5782E014141D7E00B65483 /* QuartzCore.framework in Frameworks */,
				6F5782E114141D7E00B65483 /* SystemConfiguration.framework in Frameworks */,
				6F57825C141418E300B65483 /* UIKit.framework in Frameworks */,
				6F57825E141418E300B65483 /* Foundation.framework in Frameworks */,
				6F578260141418E300B65483 /* CoreGraphics.framework in Frameworks */,
				68CC1EBA177C675700A2ECE6 /* OpenAL.framework in Frameworks */,
				68CC1EBC177C676400A2ECE6 /* ImageIO.framework in Frameworks */,
			);
			runOnlyForDeploymentPostprocessing = 0;
		};
/* End PBXFrameworksBuildPhase section */

/* Begin PBXGroup section */
		682075C617799C8400B17492 /* Libs */ = {
			isa = PBXGroup;
			children = (
				682075C717799C8400B17492 /* UIDevice+IdentifierAddition */,
			);
			path = Libs;
			sourceTree = "<group>";
		};
		682075C717799C8400B17492 /* UIDevice+IdentifierAddition */ = {
			isa = PBXGroup;
			children = (
				682075C817799C8400B17492 /* license */,
				682075C917799C8400B17492 /* NSString+MD5Addition.h */,
				682075CA17799C8400B17492 /* NSString+MD5Addition.m */,
				682075CB17799C8400B17492 /* UIDevice+IdentifierAddition.h */,
				682075CC17799C8400B17492 /* UIDevice+IdentifierAddition.m */,
			);
			path = "UIDevice+IdentifierAddition";
			sourceTree = "<group>";
		};
		684979AC1656939B0011A6B2 /* CordovaPatch */ = {
			isa = PBXGroup;
			children = (
				684979AD165694110011A6B2 /* TiggziURLProtocol.h */,
				684979AE165694110011A6B2 /* TiggziURLProtocol.m */,
			);
			name = CordovaPatch;
			sourceTree = "<group>";
		};
		687EA112180E83D1004D6469 /* org.apache.cordova.globalization */ = {
			isa = PBXGroup;
			children = (
				687EA113180E83D1004D6469 /* CDVGlobalization.h */,
				687EA114180E83D1004D6469 /* CDVGlobalization.m */,
			);
			name = org.apache.cordova.globalization;
			path = howl/CordovaLibPlugins/org.apache.cordova.globalization;
			sourceTree = SOURCE_ROOT;
		};
		6887C7C517E5D2CA00D978D9 /* com.phonegap.plugins.barcodescanner */ = {
			isa = PBXGroup;
			children = (
				6887C7C617E5D2CA00D978D9 /* CDVBarcodeScanner.mm */,
				6887C7C717E5D2CA00D978D9 /* zxing-all-in-one.cpp */,
				6887C7C817E5D2CA00D978D9 /* zxing-all-in-one.h */,
			);
			name = com.phonegap.plugins.barcodescanner;
			path = howl/CordovaLibPlugins/com.phonegap.plugins.barcodescanner;
			sourceTree = SOURCE_ROOT;
		};
		6887C7C917E5D2CA00D978D9 /* org.apache.cordova.core.AudioHandler */ = {
			isa = PBXGroup;
			children = (
				6887C7CA17E5D2CA00D978D9 /* CDVSound.h */,
				6887C7CB17E5D2CA00D978D9 /* CDVSound.m */,
			);
			name = org.apache.cordova.core.AudioHandler;
			path = howl/CordovaLibPlugins/org.apache.cordova.core.AudioHandler;
			sourceTree = SOURCE_ROOT;
		};
		6887C7CC17E5D2CA00D978D9 /* org.apache.cordova.core.battery-status */ = {
			isa = PBXGroup;
			children = (
				6887C7CD17E5D2CA00D978D9 /* CDVBattery.h */,
				6887C7CE17E5D2CA00D978D9 /* CDVBattery.m */,
			);
			name = "org.apache.cordova.core.battery-status";
			path = "howl/CordovaLibPlugins/org.apache.cordova.core.battery-status";
			sourceTree = SOURCE_ROOT;
		};
		6887C7CF17E5D2CA00D978D9 /* org.apache.cordova.core.camera */ = {
			isa = PBXGroup;
			children = (
				6887C7D017E5D2CA00D978D9 /* CDVCamera.h */,
				6887C7D117E5D2CA00D978D9 /* CDVCamera.m */,
				6887C7D217E5D2CA00D978D9 /* CDVExif.h */,
				6887C7D317E5D2CA00D978D9 /* CDVJpegHeaderWriter.h */,
				6887C7D417E5D2CA00D978D9 /* CDVJpegHeaderWriter.m */,
			);
			name = org.apache.cordova.core.camera;
			path = howl/CordovaLibPlugins/org.apache.cordova.core.camera;
			sourceTree = SOURCE_ROOT;
		};
		6887C7D517E5D2CA00D978D9 /* org.apache.cordova.core.console */ = {
			isa = PBXGroup;
			children = (
				6887C7D617E5D2CA00D978D9 /* CDVLogger.h */,
				6887C7D717E5D2CA00D978D9 /* CDVLogger.m */,
			);
			name = org.apache.cordova.core.console;
			path = howl/CordovaLibPlugins/org.apache.cordova.core.console;
			sourceTree = SOURCE_ROOT;
		};
		6887C7D817E5D2CA00D978D9 /* org.apache.cordova.core.contacts */ = {
			isa = PBXGroup;
			children = (
				6887C7D917E5D2CA00D978D9 /* CDVContact.h */,
				6887C7DA17E5D2CA00D978D9 /* CDVContact.m */,
				6887C7DB17E5D2CA00D978D9 /* CDVContacts.h */,
				6887C7DC17E5D2CA00D978D9 /* CDVContacts.m */,
			);
			name = org.apache.cordova.core.contacts;
			path = howl/CordovaLibPlugins/org.apache.cordova.core.contacts;
			sourceTree = SOURCE_ROOT;
		};
		6887C7DD17E5D2CA00D978D9 /* org.apache.cordova.core.device */ = {
			isa = PBXGroup;
			children = (
				6887C7DE17E5D2CA00D978D9 /* CDVDevice.h */,
				6887C7DF17E5D2CA00D978D9 /* CDVDevice.m */,
			);
			name = org.apache.cordova.core.device;
			path = howl/CordovaLibPlugins/org.apache.cordova.core.device;
			sourceTree = SOURCE_ROOT;
		};
		6887C7E017E5D2CA00D978D9 /* org.apache.cordova.core.device-motion */ = {
			isa = PBXGroup;
			children = (
				6887C7E117E5D2CA00D978D9 /* CDVAccelerometer.h */,
				6887C7E217E5D2CA00D978D9 /* CDVAccelerometer.m */,
			);
			name = "org.apache.cordova.core.device-motion";
			path = "howl/CordovaLibPlugins/org.apache.cordova.core.device-motion";
			sourceTree = SOURCE_ROOT;
		};
		6887C7E317E5D2CA00D978D9 /* org.apache.cordova.core.device-orientation */ = {
			isa = PBXGroup;
			children = (
				6887C7E417E5D2CA00D978D9 /* CDVCompass.h */,
				6887C7E517E5D2CA00D978D9 /* CDVCompass.m */,
			);
			name = "org.apache.cordova.core.device-orientation";
			path = "howl/CordovaLibPlugins/org.apache.cordova.core.device-orientation";
			sourceTree = SOURCE_ROOT;
		};
		6887C7E617E5D2CA00D978D9 /* org.apache.cordova.core.dialogs */ = {
			isa = PBXGroup;
			children = (
				6887C7E717E5D2CA00D978D9 /* CDVNotification.h */,
				6887C7E817E5D2CA00D978D9 /* CDVNotification.m */,
			);
			name = org.apache.cordova.core.dialogs;
			path = howl/CordovaLibPlugins/org.apache.cordova.core.dialogs;
			sourceTree = SOURCE_ROOT;
		};
		6887C7E917E5D2CA00D978D9 /* org.apache.cordova.core.file */ = {
			isa = PBXGroup;
			children = (
				6887C7EA17E5D2CA00D978D9 /* CDVFile.h */,
				6887C7EB17E5D2CA00D978D9 /* CDVFile.m */,
			);
			name = org.apache.cordova.core.file;
			path = howl/CordovaLibPlugins/org.apache.cordova.core.file;
			sourceTree = SOURCE_ROOT;
		};
		6887C7EC17E5D2CA00D978D9 /* org.apache.cordova.core.file-transfer */ = {
			isa = PBXGroup;
			children = (
				6887C7ED17E5D2CA00D978D9 /* CDVFileTransfer.h */,
				6887C7EE17E5D2CA00D978D9 /* CDVFileTransfer.m */,
			);
			name = "org.apache.cordova.core.file-transfer";
			path = "howl/CordovaLibPlugins/org.apache.cordova.core.file-transfer";
			sourceTree = SOURCE_ROOT;
		};
		6887C7EF17E5D2CA00D978D9 /* org.apache.cordova.core.geolocation */ = {
			isa = PBXGroup;
			children = (
				6887C7F017E5D2CA00D978D9 /* CDVLocation.h */,
				6887C7F117E5D2CA00D978D9 /* CDVLocation.m */,
			);
			name = org.apache.cordova.core.geolocation;
			path = howl/CordovaLibPlugins/org.apache.cordova.core.geolocation;
			sourceTree = SOURCE_ROOT;
		};
		6887C7F217E5D2CA00D978D9 /* org.apache.cordova.core.inappbrowser */ = {
			isa = PBXGroup;
			children = (
				6887C7F317E5D2CA00D978D9 /* CDVInAppBrowser.h */,
				6887C7F417E5D2CA00D978D9 /* CDVInAppBrowser.m */,
			);
			name = org.apache.cordova.core.inappbrowser;
			path = howl/CordovaLibPlugins/org.apache.cordova.core.inappbrowser;
			sourceTree = SOURCE_ROOT;
		};
		6887C7F517E5D2CA00D978D9 /* org.apache.cordova.core.media-capture */ = {
			isa = PBXGroup;
			children = (
				6887C7F617E5D2CA00D978D9 /* CDVCapture.h */,
				6887C7F717E5D2CA00D978D9 /* CDVCapture.m */,
			);
			name = "org.apache.cordova.core.media-capture";
			path = "howl/CordovaLibPlugins/org.apache.cordova.core.media-capture";
			sourceTree = SOURCE_ROOT;
		};
		6887C7F817E5D2CA00D978D9 /* org.apache.cordova.core.network-information */ = {
			isa = PBXGroup;
			children = (
				6887C7F917E5D2CA00D978D9 /* CDVConnection.h */,
				6887C7FA17E5D2CA00D978D9 /* CDVConnection.m */,
				6887C7FB17E5D2CA00D978D9 /* CDVReachability.h */,
				6887C7FC17E5D2CA00D978D9 /* CDVReachability.m */,
			);
			name = "org.apache.cordova.core.network-information";
			path = "howl/CordovaLibPlugins/org.apache.cordova.core.network-information";
			sourceTree = SOURCE_ROOT;
		};
		6887C7FD17E5D2CA00D978D9 /* org.apache.cordova.core.splashscreen */ = {
			isa = PBXGroup;
			children = (
				6887C7FE17E5D2CA00D978D9 /* CDVSplashScreen.h */,
				6887C7FF17E5D2CA00D978D9 /* CDVSplashScreen.m */,
			);
			name = org.apache.cordova.core.splashscreen;
			path = howl/CordovaLibPlugins/org.apache.cordova.core.splashscreen;
			sourceTree = SOURCE_ROOT;
		};
		6887C80017E5D2CA00D978D9 /* org.apache.cordova.core.vibration */ = {
			isa = PBXGroup;
			children = (
				6887C80117E5D2CA00D978D9 /* CDVVibration.h */,
				6887C80217E5D2CA00D978D9 /* CDVVibration.m */,
			);
			name = org.apache.cordova.core.vibration;
			path = howl/CordovaLibPlugins/org.apache.cordova.core.vibration;
			sourceTree = SOURCE_ROOT;
		};
		6887C83017E5DB7200D978D9 /* com.phonegap.plugins.pushnotification */ = {
			isa = PBXGroup;
			children = (
				6887C83117E5DB7200D978D9 /* PushNotification.h */,
				6887C83217E5DB7200D978D9 /* PushNotification.m */,
			);
			name = com.phonegap.plugins.pushnotification;
			path = howl/CordovaLibPlugins/com.phonegap.plugins.pushnotification;
			sourceTree = SOURCE_ROOT;
		};
		6F57824C141418E300B65483 = {
			isa = PBXGroup;
			children = (
				D696FE791519D0F100316E7C /* CordovaLib.xcodeproj */,
				6F578261141418E300B65483 /* howl */,
				6F57825A141418E300B65483 /* Frameworks */,
				6F578258141418E300B65483 /* Products */,
				6F57828914141A8900B65483 /* Resources */,
			);
			sourceTree = "<group>";
		};
		6F578258141418E300B65483 /* Products */ = {
			isa = PBXGroup;
			children = (
				6F578257141418E300B65483 /* "howl.app" */,
			);
			name = Products;
			sourceTree = "<group>";
		};
		6F57825A141418E300B65483 /* Frameworks */ = {
			isa = PBXGroup;
			children = (
				6F5782CC14141D3F00B65483 /* libPhoneGap.a */,
				D616278214FCCE8200AC4414 /* libiconv.dylib */,
				D616278014FCCE6D00AC4414 /* CoreVideo.framework */,
				D616277E14FCCE5B00AC4414 /* AssetsLibrary.framework */,
				6F5782CE14141D7D00B65483 /* AddressBook.framework */,
				6F5782CF14141D7D00B65483 /* AddressBookUI.framework */,
				6F5782D014141D7D00B65483 /* AudioToolbox.framework */,
				6F5782D114141D7D00B65483 /* AVFoundation.framework */,
				6F5782D214141D7D00B65483 /* CoreLocation.framework */,
				6F5782D314141D7E00B65483 /* CoreMedia.framework */,
				6F5782D414141D7E00B65483 /* MediaPlayer.framework */,
				6F5782D514141D7E00B65483 /* MobileCoreServices.framework */,
				6F5782D614141D7E00B65483 /* QuartzCore.framework */,
				6F5782D714141D7E00B65483 /* SystemConfiguration.framework */,
				6F57825B141418E300B65483 /* UIKit.framework */,
				6F57825D141418E300B65483 /* Foundation.framework */,
				6F57825F141418E300B65483 /* CoreGraphics.framework */,
				68CC1EBB177C676400A2ECE6 /* ImageIO.framework */,
				68CC1EB9177C675700A2ECE6 /* OpenAL.framework */,
			);
			name = Frameworks;
			sourceTree = "<group>";
		};
		6F578261141418E300B65483 /* howl */ = {
			isa = PBXGroup;
			children = (
				684979AC1656939B0011A6B2 /* CordovaPatch */,
				6F5782AE14141B3D00B65483 /* CordovaLibPlugins */,
				6F57826A141418E300B65483 /* ApplicationDelegate.h */,
				6F57826B141418E300B65483 /* ApplicationDelegate.m */,
				79868B8D14DBEB4E00DBED82 /* MainViewController.h */,
				79868B8E14DBEB4E00DBED82 /* MainViewController.m */,
				6853FF9D15A2FC4300DC4503 /* WebProjectInfo.h */,
				6853FF9E15A2FC4300DC4503 /* WebProjectInfo.m */,
				6F578262141418E300B65483 /* Supporting Files */,
				682075C617799C8400B17492 /* Libs */,
			);
			path = howl;
			sourceTree = "<group>";
		};
		6F578262141418E300B65483 /* Supporting Files */ = {
			isa = PBXGroup;
			children = (
				6F578263141418E300B65483 /* howl-Info.plist */,
				6F578264141418E300B65483 /* InfoPlist.strings */,
				6F578267141418E300B65483 /* howl-Prefix.pch */,
				6F578268141418E300B65483 /* main.m */,
				79868B9014DBEB5B00DBED82 /* MainViewController.xib */,
			);
			name = "Supporting Files";
			sourceTree = "<group>";
		};
		6F57828914141A8900B65483 /* Resources */ = {
			isa = PBXGroup;
			children = (
				6F57829514141A8900B65483 /* icons */,
				6F5782AC14141AAC00B65483 /* www */,
				D696FE9A1519D27800316E7C /* config.xml */,
				6887C82417E5D2FD00D978D9 /* scannerOverlay.xib */,
				6887C82217E5D2FD00D978D9 /* CDVCapture.bundle */,
				6887C82317E5D2FD00D978D9 /* CDVNotification.bundle */,
				6F57829214141A8900B65483 /* Localizable.strings */,
			);
			name = Resources;
			path = howl/Resources;
			sourceTree = "<group>";
		};
		6F57829514141A8900B65483 /* icons */ = {
			isa = PBXGroup;
			children = (
				6F41222F15B5808600DCBBDA /* Default.png */,
				6F41223015B5808600DCBBDA /* Default@2x.png */,
				68BE6167164BDABB00732F3A /* Default-568h@2x.png */,
				6F41222E15B5808600DCBBDA /* Default-Portrait~ipad.png */,
				6F41222D15B5808600DCBBDA /* Default-Portrait@2x~ipad.png */,
				6F41222C15B5808600DCBBDA /* Default-Landscape~ipad.png */,
				6F41222B15B5808600DCBBDA /* Default-Landscape@2x~ipad.png */,
				6F4121FD15B46A3100DCBBDA /* Icon.png */,
				6F4121FE15B46A3100DCBBDA /* Icon@2x.png */,
				6F4121FC15B46A3100DCBBDA /* Icon-72.png */,
				6F41220215B46EC300DCBBDA /* Icon-72@2x.png */,
				680B918017FD82A600C5DA53 /* Icon-60.png */,
				680B918117FD82A600C5DA53 /* Icon-60@2x.png */,
				680B918217FD82A600C5DA53 /* Icon-76.png */,
				680B918317FD82A600C5DA53 /* Icon-76@2x.png */,
				37CFE1061802B20A001918FB /* iTunesArtwork */,
				37CFE1071802B20A001918FB /* iTunesArtwork@2x */,
			);
			path = icons;
			sourceTree = "<group>";
		};
		6F5782AE14141B3D00B65483 /* CordovaLibPlugins */ = {
			isa = PBXGroup;
			children = (
				6887C83017E5DB7200D978D9 /* com.phonegap.plugins.pushnotification */,
				6887C7C517E5D2CA00D978D9 /* com.phonegap.plugins.barcodescanner */,
				6887C7C917E5D2CA00D978D9 /* org.apache.cordova.core.AudioHandler */,
				6887C7CC17E5D2CA00D978D9 /* org.apache.cordova.core.battery-status */,
				6887C7CF17E5D2CA00D978D9 /* org.apache.cordova.core.camera */,
				6887C7D517E5D2CA00D978D9 /* org.apache.cordova.core.console */,
				6887C7D817E5D2CA00D978D9 /* org.apache.cordova.core.contacts */,
				6887C7DD17E5D2CA00D978D9 /* org.apache.cordova.core.device */,
				6887C7E017E5D2CA00D978D9 /* org.apache.cordova.core.device-motion */,
				6887C7E317E5D2CA00D978D9 /* org.apache.cordova.core.device-orientation */,
				6887C7E617E5D2CA00D978D9 /* org.apache.cordova.core.dialogs */,
				6887C7E917E5D2CA00D978D9 /* org.apache.cordova.core.file */,
				6887C7EC17E5D2CA00D978D9 /* org.apache.cordova.core.file-transfer */,
				6887C7EF17E5D2CA00D978D9 /* org.apache.cordova.core.geolocation */,
				6887C7F217E5D2CA00D978D9 /* org.apache.cordova.core.inappbrowser */,
				6887C7F517E5D2CA00D978D9 /* org.apache.cordova.core.media-capture */,
				6887C7F817E5D2CA00D978D9 /* org.apache.cordova.core.network-information */,
				6887C7FD17E5D2CA00D978D9 /* org.apache.cordova.core.splashscreen */,
				6887C80017E5D2CA00D978D9 /* org.apache.cordova.core.vibration */,
				687EA112180E83D1004D6469 /* org.apache.cordova.globalization */,
			);
			name = CordovaLibPlugins;
			path = PhoneGapLibPlugins;
			sourceTree = "<group>";
		};
		D696FE7A1519D0F100316E7C /* Products */ = {
			isa = PBXGroup;
			children = (
				D696FE811519D0F100316E7C /* libCordova.a */,
			);
			name = Products;
			sourceTree = "<group>";
		};
/* End PBXGroup section */

/* Begin PBXNativeTarget section */
		6F578256141418E300B65483 /* PhoneGapTemplate */ = {
			isa = PBXNativeTarget;
			buildConfigurationList = 6F57827D141418E300B65483 /* Build configuration list for PBXNativeTarget "PhoneGapTemplate" */;
			buildPhases = (
				6F578253141418E300B65483 /* Sources */,
				6F578254141418E300B65483 /* Frameworks */,
				6F578255141418E300B65483 /* Resources */,
			);
			buildRules = (
			);
			dependencies = (
				D696FE9D1519D2F200316E7C /* PBXTargetDependency */,
			);
			name = PhoneGapTemplate;
			productName = PhoneGapTemplate;
			productReference = 6F578257141418E300B65483 /* "howl.app" */;
			productType = "com.apple.product-type.application";
		};
/* End PBXNativeTarget section */

/* Begin PBXProject section */
		6F57824E141418E300B65483 /* Project object */ = {
			isa = PBXProject;
			attributes = {
				LastUpgradeCheck = 0450;
			};
			buildConfigurationList = 6F578251141418E300B65483 /* Build configuration list for PBXProject "howl" */;
			compatibilityVersion = "Xcode 3.2";
			developmentRegion = English;
			hasScannedForEncodings = 0;
			knownRegions = (
				en,
				es,
			);
			mainGroup = 6F57824C141418E300B65483;
			productRefGroup = 6F578258141418E300B65483 /* Products */;
			projectDirPath = "";
			projectReferences = (
				{
					ProductGroup = D696FE7A1519D0F100316E7C /* Products */;
					ProjectRef = D696FE791519D0F100316E7C /* CordovaLib.xcodeproj */;
				},
			);
			projectRoot = "";
			targets = (
				6F578256141418E300B65483 /* PhoneGapTemplate */,
			);
		};
/* End PBXProject section */

/* Begin PBXReferenceProxy section */
		D696FE811519D0F100316E7C /* libCordova.a */ = {
			isa = PBXReferenceProxy;
			fileType = archive.ar;
			path = libCordova.a;
			remoteRef = D696FE801519D0F100316E7C /* PBXContainerItemProxy */;
			sourceTree = BUILT_PRODUCTS_DIR;
		};
/* End PBXReferenceProxy section */

/* Begin PBXResourcesBuildPhase section */
		6F578255141418E300B65483 /* Resources */ = {
			isa = PBXResourcesBuildPhase;
			buildActionMask = 2147483647;
			files = (
				6F578266141418E300B65483 /* InfoPlist.strings in Resources */,
				6F5782A514141A8900B65483 /* Localizable.strings in Resources */,
				6F5782AD14141AAC00B65483 /* www in Resources */,
				79868B9114DBEB5B00DBED82 /* MainViewController.xib in Resources */,
				680B918617FD82A600C5DA53 /* Icon-76.png in Resources */,
				D696FE9B1519D27800316E7C /* config.xml in Resources */,
				680B918417FD82A600C5DA53 /* Icon-60.png in Resources */,
				6F4121FF15B46A3100DCBBDA /* Icon-72.png in Resources */,
				6F41220015B46A3100DCBBDA /* Icon.png in Resources */,
				6F41220115B46A3100DCBBDA /* Icon@2x.png in Resources */,
				6F41220315B46EC300DCBBDA /* Icon-72@2x.png in Resources */,
				6F41223115B5808600DCBBDA /* Default-Landscape@2x~ipad.png in Resources */,
				6F41223215B5808600DCBBDA /* Default-Landscape~ipad.png in Resources */,
				6F41223315B5808600DCBBDA /* Default-Portrait@2x~ipad.png in Resources */,
				6F41223415B5808600DCBBDA /* Default-Portrait~ipad.png in Resources */,
				6F41223515B5808600DCBBDA /* Default.png in Resources */,
				680B918517FD82A600C5DA53 /* Icon-60@2x.png in Resources */,
				6F41223615B5808600DCBBDA /* Default@2x.png in Resources */,
				68BE6168164BDABB00732F3A /* Default-568h@2x.png in Resources */,
				682075CD17799C8400B17492 /* license in Resources */,
				6887C82517E5D2FD00D978D9 /* CDVCapture.bundle in Resources */,
				6887C82617E5D2FD00D978D9 /* CDVNotification.bundle in Resources */,
				680B918717FD82A600C5DA53 /* Icon-76@2x.png in Resources */,
				37CFE1091802B20A001918FB /* iTunesArtwork@2x in Resources */,
				37CFE1081802B20A001918FB /* iTunesArtwork in Resources */,
				6887C82717E5D2FD00D978D9 /* scannerOverlay.xib in Resources */,
			);
			runOnlyForDeploymentPostprocessing = 0;
		};
/* End PBXResourcesBuildPhase section */

/* Begin PBXSourcesBuildPhase section */
		6F578253141418E300B65483 /* Sources */ = {
			isa = PBXSourcesBuildPhase;
			buildActionMask = 2147483647;
			files = (
				6F578269141418E300B65483 /* main.m in Sources */,
				6F57826C141418E300B65483 /* ApplicationDelegate.m in Sources */,
				79868B8F14DBEB4E00DBED82 /* MainViewController.m in Sources */,
				6853FF9F15A2FC4300DC4503 /* WebProjectInfo.m in Sources */,
				684979AF165694110011A6B2 /* TiggziURLProtocol.m in Sources */,
				682075CE17799C8400B17492 /* NSString+MD5Addition.m in Sources */,
				682075CF17799C8400B17492 /* UIDevice+IdentifierAddition.m in Sources */,
				6887C80A17E5D2CA00D978D9 /* CDVBarcodeScanner.mm in Sources */,
				6887C80B17E5D2CA00D978D9 /* zxing-all-in-one.cpp in Sources */,
				6887C80C17E5D2CA00D978D9 /* CDVSound.m in Sources */,
				6887C80D17E5D2CA00D978D9 /* CDVBattery.m in Sources */,
				6887C80E17E5D2CA00D978D9 /* CDVCamera.m in Sources */,
				6887C80F17E5D2CA00D978D9 /* CDVJpegHeaderWriter.m in Sources */,
				6887C81017E5D2CA00D978D9 /* CDVLogger.m in Sources */,
				6887C81117E5D2CA00D978D9 /* CDVContact.m in Sources */,
				6887C81217E5D2CA00D978D9 /* CDVContacts.m in Sources */,
				6887C81317E5D2CA00D978D9 /* CDVDevice.m in Sources */,
				6887C81417E5D2CA00D978D9 /* CDVAccelerometer.m in Sources */,
				6887C81517E5D2CA00D978D9 /* CDVCompass.m in Sources */,
				6887C81617E5D2CA00D978D9 /* CDVNotification.m in Sources */,
				6887C81717E5D2CA00D978D9 /* CDVFile.m in Sources */,
				6887C81817E5D2CA00D978D9 /* CDVFileTransfer.m in Sources */,
				6887C81917E5D2CA00D978D9 /* CDVLocation.m in Sources */,
				6887C81A17E5D2CA00D978D9 /* CDVInAppBrowser.m in Sources */,
				6887C81B17E5D2CA00D978D9 /* CDVCapture.m in Sources */,
				687EA115180E83D1004D6469 /* CDVGlobalization.m in Sources */,
				6887C81C17E5D2CA00D978D9 /* CDVConnection.m in Sources */,
				6887C81D17E5D2CA00D978D9 /* CDVReachability.m in Sources */,
				6887C81E17E5D2CA00D978D9 /* CDVSplashScreen.m in Sources */,
				6887C81F17E5D2CA00D978D9 /* CDVVibration.m in Sources */,
				6887C83617E5DB7200D978D9 /* PushNotification.m in Sources */,
			);
			runOnlyForDeploymentPostprocessing = 0;
		};
/* End PBXSourcesBuildPhase section */

/* Begin PBXTargetDependency section */
		D696FE9D1519D2F200316E7C /* PBXTargetDependency */ = {
			isa = PBXTargetDependency;
			name = CordovaLib;
			targetProxy = D696FE9C1519D2F200316E7C /* PBXContainerItemProxy */;
		};
/* End PBXTargetDependency section */

/* Begin PBXVariantGroup section */
		6F578264141418E300B65483 /* InfoPlist.strings */ = {
			isa = PBXVariantGroup;
			children = (
				6F578265141418E300B65483 /* en */,
			);
			name = InfoPlist.strings;
			sourceTree = "<group>";
		};
		6F57829214141A8900B65483 /* Localizable.strings */ = {
			isa = PBXVariantGroup;
			children = (
				6F57829314141A8900B65483 /* en */,
				6F57829414141A8900B65483 /* es */,
			);
			name = Localizable.strings;
			sourceTree = "<group>";
		};
/* End PBXVariantGroup section */

/* Begin XCBuildConfiguration section */
		6F21B1A714EF10E600F021DD /* AdHoc */ = {
			isa = XCBuildConfiguration;
			buildSettings = {
				ARCHS = "$(ARCHS_STANDARD_32_BIT)";
				"CODE_SIGN_IDENTITY[sdk=iphoneos*]" = "iPhone Distribution";
				GCC_C_LANGUAGE_STANDARD = gnu99;
				GCC_THUMB_SUPPORT = NO;
				GCC_WARN_ABOUT_RETURN_TYPE = YES;
				GCC_WARN_UNUSED_VARIABLE = YES;
				IPHONEOS_DEPLOYMENT_TARGET = 4.3;
				OTHER_CFLAGS = "-DNS_BLOCK_ASSERTIONS=1";
				PRODUCT_NAME = "howl";
				"PROVISIONING_PROFILE[sdk=iphoneos*]" = "";
				SDKROOT = iphoneos;
				TARGETED_DEVICE_FAMILY = "1,2";
				VALID_ARCHS = "i386 $(ARCHS_STANDARD_32_BIT)";
			};
			name = AdHoc;
		};
		6F21B1A814EF10E600F021DD /* AdHoc */ = {
			isa = XCBuildConfiguration;
			buildSettings = {
				ALWAYS_SEARCH_USER_PATHS = NO;
				CLANG_ENABLE_OBJC_ARC = YES;
				COPY_PHASE_STRIP = YES;
				GCC_PRECOMPILE_PREFIX_HEADER = YES;
				GCC_PREFIX_HEADER = "howl/howl-Prefix.pch";
				GCC_THUMB_SUPPORT = NO;
				HEADER_SEARCH_PATHS = (
					"\"$(TARGET_BUILD_DIR)/usr/local/lib/include\"",
					"\"$(OBJROOT)/UninstalledProducts/include\"",
					"\"$(BUILT_PRODUCTS_DIR)\"",
				);
				INFOPLIST_FILE = "howl/howl-Info.plist";
				IPHONEOS_DEPLOYMENT_TARGET = 5.0;
				LIBRARY_SEARCH_PATHS = (
					"$(inherited)",
					"\"$(SRCROOT)\"",
				);
				OTHER_LDFLAGS = (
					"-ObjC",
					"\"-force_load ${TARGETBUILDDIR}/libCordova.a\"",
				);
				PRODUCT_NAME = "howl";
				VALIDATE_PRODUCT = YES;
				WRAPPER_EXTENSION = app;
			};
			name = AdHoc;
		};
		6F57827B141418E300B65483 /* Debug */ = {
			isa = XCBuildConfiguration;
			buildSettings = {
				ARCHS = "$(ARCHS_STANDARD_32_BIT)";
				"CODE_SIGN_IDENTITY[sdk=iphoneos*]" = "iPhone Developer";
				GCC_C_LANGUAGE_STANDARD = gnu99;
				GCC_OPTIMIZATION_LEVEL = 0;
				GCC_PREPROCESSOR_DEFINITIONS = DEBUG;
				GCC_SYMBOLS_PRIVATE_EXTERN = NO;
				GCC_THUMB_SUPPORT = NO;
				GCC_WARN_ABOUT_RETURN_TYPE = YES;
				GCC_WARN_UNUSED_VARIABLE = YES;
				IPHONEOS_DEPLOYMENT_TARGET = 4.3;
				PRODUCT_NAME = "howl";
				SDKROOT = iphoneos;
				TARGETED_DEVICE_FAMILY = "1,2";
				VALID_ARCHS = "i386 $(ARCHS_STANDARD_32_BIT)";
			};
			name = Debug;
		};
		6F57827C141418E300B65483 /* Release */ = {
			isa = XCBuildConfiguration;
			buildSettings = {
				ARCHS = "$(ARCHS_STANDARD_32_BIT)";
				"CODE_SIGN_IDENTITY[sdk=iphoneos*]" = "iPhone Developer";
				GCC_C_LANGUAGE_STANDARD = gnu99;
				GCC_THUMB_SUPPORT = NO;
				GCC_WARN_ABOUT_RETURN_TYPE = YES;
				GCC_WARN_UNUSED_VARIABLE = YES;
				IPHONEOS_DEPLOYMENT_TARGET = 4.3;
				OTHER_CFLAGS = "-DNS_BLOCK_ASSERTIONS=1";
				PRODUCT_NAME = "howl";
				SDKROOT = iphoneos;
				TARGETED_DEVICE_FAMILY = "1,2";
				VALID_ARCHS = "i386 $(ARCHS_STANDARD_32_BIT)";
			};
			name = Release;
		};
		6F57827E141418E300B65483 /* Debug */ = {
			isa = XCBuildConfiguration;
			buildSettings = {
				ALWAYS_SEARCH_USER_PATHS = NO;
				CLANG_ENABLE_OBJC_ARC = YES;
				COPY_PHASE_STRIP = NO;
				GCC_DYNAMIC_NO_PIC = NO;
				GCC_PRECOMPILE_PREFIX_HEADER = YES;
				GCC_PREFIX_HEADER = "howl/howl-Prefix.pch";
				GCC_THUMB_SUPPORT = NO;
				HEADER_SEARCH_PATHS = (
					"\"$(TARGET_BUILD_DIR)/usr/local/lib/include\"",
					"\"$(OBJROOT)/UninstalledProducts/include\"",
					"\"$(BUILT_PRODUCTS_DIR)\"",
				);
				INFOPLIST_FILE = "howl/howl-Info.plist";
				IPHONEOS_DEPLOYMENT_TARGET = 5.0;
				LIBRARY_SEARCH_PATHS = (
					"$(inherited)",
					"\"$(SRCROOT)\"",
				);
				OTHER_LDFLAGS = (
					"-ObjC",
					"\"-force_load ${TARGETBUILDDIR}/libCordova.a\"",
				);
				PRODUCT_NAME = "howl";
				WRAPPER_EXTENSION = app;
			};
			name = Debug;
		};
		6F57827F141418E300B65483 /* Release */ = {
			isa = XCBuildConfiguration;
			buildSettings = {
				ALWAYS_SEARCH_USER_PATHS = NO;
				CLANG_ENABLE_OBJC_ARC = YES;
				COPY_PHASE_STRIP = YES;
				GCC_PRECOMPILE_PREFIX_HEADER = YES;
				GCC_PREFIX_HEADER = "howl/howl-Prefix.pch";
				GCC_THUMB_SUPPORT = NO;
				HEADER_SEARCH_PATHS = (
					"\"$(TARGET_BUILD_DIR)/usr/local/lib/include\"",
					"\"$(OBJROOT)/UninstalledProducts/include\"",
					"\"$(BUILT_PRODUCTS_DIR)\"",
				);
				INFOPLIST_FILE = "howl/howl-Info.plist";
				IPHONEOS_DEPLOYMENT_TARGET = 5.0;
				LIBRARY_SEARCH_PATHS = (
					"$(inherited)",
					"\"$(SRCROOT)\"",
				);
				OTHER_LDFLAGS = (
					"-ObjC",
					"\"-force_load ${TARGETBUILDDIR}/libCordova.a\"",
				);
				PRODUCT_NAME = "howl";
				VALIDATE_PRODUCT = YES;
				WRAPPER_EXTENSION = app;
			};
			name = Release;
		};
/* End XCBuildConfiguration section */

/* Begin XCConfigurationList section */
		6F578251141418E300B65483 /* Build configuration list for PBXProject "howl" */ = {
			isa = XCConfigurationList;
			buildConfigurations = (
				6F57827B141418E300B65483 /* Debug */,
				6F57827C141418E300B65483 /* Release */,
				6F21B1A714EF10E600F021DD /* AdHoc */,
			);
			defaultConfigurationIsVisible = 0;
			defaultConfigurationName = Release;
		};
		6F57827D141418E300B65483 /* Build configuration list for PBXNativeTarget "PhoneGapTemplate" */ = {
			isa = XCConfigurationList;
			buildConfigurations = (
				6F57827E141418E300B65483 /* Debug */,
				6F57827F141418E300B65483 /* Release */,
				6F21B1A814EF10E600F021DD /* AdHoc */,
			);
			defaultConfigurationIsVisible = 0;
			defaultConfigurationName = Release;
		};
/* End XCConfigurationList section */
	};
	rootObject = 6F57824E141418E300B65483 /* Project object */;
}
